{
  "name": "test",
  "lockfileVersion": 3,
  "requires": true,
  "packages": {
    "": {
      "dependencies": {
        "exupery-core-bin": "^0.3.0",
        "exupery-core-dev": "^0.3.0",
        "exupery-resources": "^0.2.4"
      }
    },
    "node_modules/exupery-core-alg": {
      "version": "0.2.0",
      "resolved": "https://registry.npmjs.org/exupery-core-alg/-/exupery-core-alg-0.2.0.tgz",
      "integrity": "sha512-A+oCuZo9xhGITkz9h97/Wwq9w/ZhQwd/DZjJzazgzvtGYhbG78uEG8Jdj5jAPRVFFWbHxI0iX9qHPhKbew21HA==",
      "license": "ISC",
      "dependencies": {
        "exupery-core-internals": "^0.2.0"
      }
    },
    "node_modules/exupery-core-async": {
      "version": "0.2.0",
      "resolved": "https://registry.npmjs.org/exupery-core-async/-/exupery-core-async-0.2.0.tgz",
      "integrity": "sha512-1E3F/nxgxpm6mhGdMlWH1QOyKlIYdd/VD4C/FKBRSVtvOAdGC6fyZNc079odMfaJsSoBODrB1heEej4ufImLNA==",
      "license": "Apache-2.0",
      "dependencies": {
        "exupery-core-internals": "^0.2.0"
      }
    },
    "node_modules/exupery-core-bin": {
      "version": "0.3.0",
      "resolved": "https://registry.npmjs.org/exupery-core-bin/-/exupery-core-bin-0.3.0.tgz",
      "integrity": "sha512-Y5uz9jKO0m0dTffMGpI4RTQpsOhSRAz91dmSbqbz7eDCW19elf/5lWxmZCmTHrEYNx4wAF2UiIGkeGVPy9vfnQ==",
      "license": "ISC",
      "dependencies": {
        "exupery-core-async": "^0.3.0",
        "exupery-core-internals": "^0.3.0"
      }
    },
    "node_modules/exupery-core-bin/node_modules/exupery-core-async": {
      "version": "0.3.0",
      "resolved": "https://registry.npmjs.org/exupery-core-async/-/exupery-core-async-0.3.0.tgz",
      "integrity": "sha512-EsIVVLlZewgHWDLyPDw8XqE4Q6n05lrO6msf0hniawnzsyl8NstgpFSQ4phNBXMkKDOLUApfF8yNNF/0UFrO8g==",
      "license": "Apache-2.0",
      "dependencies": {
        "exupery-core-internals": "^0.3.0"
      }
    },
    "node_modules/exupery-core-bin/node_modules/exupery-core-internals": {
      "version": "0.3.0",
      "resolved": "https://registry.npmjs.org/exupery-core-internals/-/exupery-core-internals-0.3.0.tgz",
      "integrity": "sha512-W+b8JPCF7KeiOn6VqCNLuJoHH454Y2xH4mHWHFRP48LGwFT5W8/M7k0k8lTEAgCYidCW2EWYd6XouYqQzd7KJA==",
      "license": "ISC",
      "dependencies": {
        "exupery-core-types": "^0.3.0"
      }
    },
    "node_modules/exupery-core-bin/node_modules/exupery-core-types": {
      "version": "0.3.0",
      "resolved": "https://registry.npmjs.org/exupery-core-types/-/exupery-core-types-0.3.0.tgz",
      "integrity": "sha512-NxsC4CZ5K8XrJFRutjegbAV150nrL8Ov2QbrcnPT2hRCGW4tJV1jHAsMhrfBSgdtUVIREfYhgB2WaaVepGqMYQ==",
      "license": "Apache-2.0"
    },
    "node_modules/exupery-core-dev": {
      "version": "0.3.0",
      "resolved": "https://registry.npmjs.org/exupery-core-dev/-/exupery-core-dev-0.3.0.tgz",
      "integrity": "sha512-j/unLqV5uR8sSClcwShdHQiRukK+gLYT0uEn4+W/Sog76tqlq0EZH3hdKg54VdPw5HcevJanDedbax/0Ei6QZg==",
      "license": "ISC",
      "dependencies": {
        "exupery-core-internals": "^0.3.0"
      }
    },
    "node_modules/exupery-core-dev/node_modules/exupery-core-internals": {
      "version": "0.3.0",
      "resolved": "https://registry.npmjs.org/exupery-core-internals/-/exupery-core-internals-0.3.0.tgz",
      "integrity": "sha512-W+b8JPCF7KeiOn6VqCNLuJoHH454Y2xH4mHWHFRP48LGwFT5W8/M7k0k8lTEAgCYidCW2EWYd6XouYqQzd7KJA==",
      "license": "ISC",
      "dependencies": {
        "exupery-core-types": "^0.3.0"
      }
    },
    "node_modules/exupery-core-dev/node_modules/exupery-core-types": {
      "version": "0.3.0",
      "resolved": "https://registry.npmjs.org/exupery-core-types/-/exupery-core-types-0.3.0.tgz",
      "integrity": "sha512-NxsC4CZ5K8XrJFRutjegbAV150nrL8Ov2QbrcnPT2hRCGW4tJV1jHAsMhrfBSgdtUVIREfYhgB2WaaVepGqMYQ==",
      "license": "Apache-2.0"
    },
    "node_modules/exupery-core-internals": {
      "version": "0.2.0",
      "resolved": "https://registry.npmjs.org/exupery-core-internals/-/exupery-core-internals-0.2.0.tgz",
      "integrity": "sha512-Y35ieuL3dXPrKnlSKvS4wSAZYjR5ACKYn+4FC2dsTlOZO0aXlHqQKYSTy/0uU+710Qxxe7PSb62ktS4WTtYsqg==",
      "license": "ISC",
      "dependencies": {
        "exupery-core-types": "^0.2.0"
      }
    },
    "node_modules/exupery-core-types": {
      "version": "0.2.0",
      "resolved": "https://registry.npmjs.org/exupery-core-types/-/exupery-core-types-0.2.0.tgz",
      "integrity": "sha512-Wh4tIDr3JOW/0XSMEnpcvoGsaWoY3fUDrSHxmPae1DdoTiC/cLy+T9JyvMdz26DEHjxW2J48kk5DGhJ8JZsNHA==",
      "license": "Apache-2.0"
    },
    "node_modules/exupery-resources": {
      "version": "0.2.4",
      "resolved": "https://registry.npmjs.org/exupery-resources/-/exupery-resources-0.2.4.tgz",
      "integrity": "sha512-5IbwJb3M0Zjci4Cc3hKZyZ2RxATe78LFNnDwToB39YshttbW0EuMIhTU+WhkKKjSrAsUppDdRi6Tz6yx45xiHw==",
      "dependencies": {
        "exupery-core-alg": "^0.2.0",
        "exupery-core-async": "^0.2.0",
        "exupery-core-dev": "^0.2.0",
        "exupery-standard-library": "^0.2.0"
      }
    },
    "node_modules/exupery-resources/node_modules/exupery-core-dev": {
      "version": "0.2.0",
      "resolved": "https://registry.npmjs.org/exupery-core-dev/-/exupery-core-dev-0.2.0.tgz",
      "integrity": "sha512-UElqUKONuwGce8XnoD7/Clq5gsmMrl0QmA5WNDOAfRNmyxjtDbckAUnRgNiiUIMl87qiFpOk0unkc4do+hK3nA==",
      "license": "ISC",
      "dependencies": {
        "exupery-core-internals": "^0.2.0"
      }
    },
    "node_modules/exupery-standard-library": {
      "version": "0.2.0",
      "resolved": "https://registry.npmjs.org/exupery-standard-library/-/exupery-standard-library-0.2.0.tgz",
      "integrity": "sha512-/m26+Iht4AOvGHRxpMbE8wafEWFmm3siBqS8wT36n2mPlIKoO3z5p44S/4GtRlq+Fuk2JqnpPjURDT/+Pobddg==",
      "dependencies": {
        "exupery-core-alg": "^0.2.0"
      }
    }
  }
}
